
Microsoft Visual Studio Solution File, Format Version 12.00
# Visual Studio 15
VisualStudioVersion = 15.0.28010.2026
MinimumVisualStudioVersion = 10.0.40219.1
Project("{8BC9CEB8-8B4A-11D0-8D11-00A0C91BC942}") = "jcp2", "jcp2.vcxproj", "{2CC880F2-0EAC-431C-92BC-4D90EB56CB5D}"
EndProject
Global
	GlobalSection(SolutionConfigurationPlatforms) = preSolution
		Debug (libusb-0)|Win32 = Debug (libusb-0)|Win32
		Debug (libusb-0)|x64 = Debug (libusb-0)|x64
		Debug (libusb-1)|Win32 = Debug (libusb-1)|Win32
		Debug (libusb-1)|x64 = Debug (libusb-1)|x64
		Release (libusb-0)|Win32 = Release (libusb-0)|Win32
		Release (libusb-0)|x64 = Release (libusb-0)|x64
		Release (libusb-1)|Win32 = Release (libusb-1)|Win32
		Release (libusb-1)|x64 = Release (libusb-1)|x64
	EndGlobalSection
	GlobalSection(ProjectConfigurationPlatforms) = postSolution
		{2CC880F2-0EAC-431C-92BC-4D90EB56CB5D}.Debug (libusb-0)|Win32.ActiveCfg = Debug (libusb-0)|Win32
		{2CC880F2-0EAC-431C-92BC-4D90EB56CB5D}.Debug (libusb-0)|Win32.Build.0 = Debug (libusb-0)|Win32
		{2CC880F2-0EAC-431C-92BC-4D90EB56CB5D}.Debug (libusb-0)|x64.ActiveCfg = Debug (libusb-0)|x64
		{2CC880F2-0EAC-431C-92BC-4D90EB56CB5D}.Debug (libusb-0)|x64.Build.0 = Debug (libusb-0)|x64
		{2CC880F2-0EAC-431C-92BC-4D90EB56CB5D}.Debug (libusb-1)|Win32.ActiveCfg = Debug (libusb-1)|Win32
		{2CC880F2-0EAC-431C-92BC-4D90EB56CB5D}.Debug (libusb-1)|Win32.Build.0 = Debug (libusb-1)|Win32
		{2CC880F2-0EAC-431C-92BC-4D90EB56CB5D}.Debug (libusb-1)|x64.ActiveCfg = Debug (libusb-1)|x64
		{2CC880F2-0EAC-431C-92BC-4D90EB56CB5D}.Debug (libusb-1)|x64.Build.0 = Debug (libusb-1)|x64
		{2CC880F2-0EAC-431C-92BC-4D90EB56CB5D}.Release (libusb-0)|Win32.ActiveCfg = Release (libusb-0)|Win32
		{2CC880F2-0EAC-431C-92BC-4D90EB56CB5D}.Release (libusb-0)|Win32.Build.0 = Release (libusb-0)|Win32
		{2CC880F2-0EAC-431C-92BC-4D90EB56CB5D}.Release (libusb-0)|x64.ActiveCfg = Release (libusb-0)|x64
		{2CC880F2-0EAC-431C-92BC-4D90EB56CB5D}.Release (libusb-0)|x64.Build.0 = Release (libusb-0)|x64
		{2CC880F2-0EAC-431C-92BC-4D90EB56CB5D}.Release (libusb-1)|Win32.ActiveCfg = Release (libusb-1)|Win32
		{2CC880F2-0EAC-431C-92BC-4D90EB56CB5D}.Release (libusb-1)|Win32.Build.0 = Release (libusb-1)|Win32
		{2CC880F2-0EAC-431C-92BC-4D90EB56CB5D}.Release (libusb-1)|x64.ActiveCfg = Release (libusb-1)|x64
		{2CC880F2-0EAC-431C-92BC-4D90EB56CB5D}.Release (libusb-1)|x64.Build.0 = Release (libusb-1)|x64
	EndGlobalSection
	GlobalSection(SolutionProperties) = preSolution
		HideSolutionNode = FALSE
	EndGlobalSection
	GlobalSection(ExtensibilityGlobals) = postSolution
		SolutionGuid = {7BE06F98-527B-4848-9636-33ACC375C2BC}
	EndGlobalSection
EndGlobal
